
Microsoft Visual Studio Solution File, Format Version 12.00
# Visual Studio Version 16
VisualStudioVersion = 16.0.29709.97
MinimumVisualStudioVersion = 10.0.40219.1
Project("{FAE04EC0-301F-11D3-BF4B-00C04F79EFBC}") = "NumberChangerWithDelegates", "NumberChangerWithDelegates.csproj", "{3BFFFEE5-33AE-428E-ABD6-77B522F30105}"
EndProject
Global
	GlobalSection(SolutionConfigurationPlatforms) = preSolution
		Debug|Any CPU = Debug|Any CPU
		Release|Any CPU = Release|Any CPU
	EndGlobalSection
	GlobalSection(ProjectConfigurationPlatforms) = postSolution
		{3BFFFEE5-33AE-428E-ABD6-77B522F30105}.Debug|Any CPU.ActiveCfg = Debug|Any CPU
		{3BFFFEE5-33AE-428E-ABD6-77B522F30105}.Debug|Any CPU.Build.0 = Debug|Any CPU
		{3BFFFEE5-33AE-428E-ABD6-77B522F30105}.Release|Any CPU.ActiveCfg = Release|Any CPU
		{3BFFFEE5-33AE-428E-ABD6-77B522F30105}.Release|Any CPU.Build.0 = Release|Any CPU
	EndGlobalSection
	GlobalSection(SolutionProperties) = preSolution
		HideSolutionNode = FALSE
	EndGlobalSection
	GlobalSection(ExtensibilityGlobals) = postSolution
		SolutionGuid = {73D149C1-037E-4A06-ABC1-B4DD465BAA02}
	EndGlobalSection
EndGlobal
