
Microsoft Visual Studio Solution File, Format Version 12.00
# Visual Studio Version 16
VisualStudioVersion = 16.0.29709.97
MinimumVisualStudioVersion = 10.0.40219.1
Project("{FAE04EC0-301F-11D3-BF4B-00C04F79EFBC}") = "SampleCalc", "SampleCalc.csproj", "{7A7AB73B-C310-48FF-9605-DDD0F8AC61AF}"
EndProject
Global
	GlobalSection(SolutionConfigurationPlatforms) = preSolution
		Debug|Any CPU = Debug|Any CPU
		Release|Any CPU = Release|Any CPU
	EndGlobalSection
	GlobalSection(ProjectConfigurationPlatforms) = postSolution
		{7A7AB73B-C310-48FF-9605-DDD0F8AC61AF}.Debug|Any CPU.ActiveCfg = Debug|Any CPU
		{7A7AB73B-C310-48FF-9605-DDD0F8AC61AF}.Debug|Any CPU.Build.0 = Debug|Any CPU
		{7A7AB73B-C310-48FF-9605-DDD0F8AC61AF}.Release|Any CPU.ActiveCfg = Release|Any CPU
		{7A7AB73B-C310-48FF-9605-DDD0F8AC61AF}.Release|Any CPU.Build.0 = Release|Any CPU
	EndGlobalSection
	GlobalSection(SolutionProperties) = preSolution
		HideSolutionNode = FALSE
	EndGlobalSection
	GlobalSection(ExtensibilityGlobals) = postSolution
		SolutionGuid = {1494D52D-E4F5-4676-8249-E64CD7643C04}
	EndGlobalSection
EndGlobal
