
Microsoft Visual Studio Solution File, Format Version 12.00
# Visual Studio Version 16
VisualStudioVersion = 16.0.29609.76
MinimumVisualStudioVersion = 10.0.40219.1
Project("{FAE04EC0-301F-11D3-BF4B-00C04F79EFBC}") = "Car", "Car.csproj", "{39BFB8A2-F25D-458E-B2A4-35B8ABC076B4}"
EndProject
Global
	GlobalSection(SolutionConfigurationPlatforms) = preSolution
		Debug|Any CPU = Debug|Any CPU
		Release|Any CPU = Release|Any CPU
	EndGlobalSection
	GlobalSection(ProjectConfigurationPlatforms) = postSolution
		{39BFB8A2-F25D-458E-B2A4-35B8ABC076B4}.Debug|Any CPU.ActiveCfg = Debug|Any CPU
		{39BFB8A2-F25D-458E-B2A4-35B8ABC076B4}.Debug|Any CPU.Build.0 = Debug|Any CPU
		{39BFB8A2-F25D-458E-B2A4-35B8ABC076B4}.Release|Any CPU.ActiveCfg = Release|Any CPU
		{39BFB8A2-F25D-458E-B2A4-35B8ABC076B4}.Release|Any CPU.Build.0 = Release|Any CPU
	EndGlobalSection
	GlobalSection(SolutionProperties) = preSolution
		HideSolutionNode = FALSE
	EndGlobalSection
	GlobalSection(ExtensibilityGlobals) = postSolution
		SolutionGuid = {BFD26C25-BEFF-4093-97B0-D1A71D4527B9}
	EndGlobalSection
EndGlobal
